# This file is generated by running "yarn install" inside your project.
# Manual changes might be lost - proceed with caution!

__metadata:
  version: 6
  cacheKey: 8

"@cspotcode/source-map-support@npm:^0.8.0":
  version: 0.8.1
  resolution: "@cspotcode/source-map-support@npm:0.8.1"
  dependencies:
    "@jridgewell/trace-mapping": 0.3.9
  checksum: 5718f267085ed8edb3e7ef210137241775e607ee18b77d95aa5bd7514f47f5019aa2d82d96b3bf342ef7aa890a346fa1044532ff7cc3009e7d24fce3ce6200fa
  languageName: node
  linkType: hard

"@jridgewell/resolve-uri@npm:^3.0.3":
  version: 3.1.2
  resolution: "@jridgewell/resolve-uri@npm:3.1.2"
  checksum: 83b85f72c59d1c080b4cbec0fef84528963a1b5db34e4370fa4bd1e3ff64a0d80e0cee7369d11d73c704e0286fb2865b530acac7a871088fbe92b5edf1000870
  languageName: node
  linkType: hard

"@jridgewell/sourcemap-codec@npm:^1.4.10":
  version: 1.5.0
  resolution: "@jridgewell/sourcemap-codec@npm:1.5.0"
  checksum: 05df4f2538b3b0f998ea4c1cd34574d0feba216fa5d4ccaef0187d12abf82eafe6021cec8b49f9bb4d90f2ba4582ccc581e72986a5fcf4176ae0cfeb04cf52ec
  languageName: node
  linkType: hard

"@jridgewell/trace-mapping@npm:0.3.9":
  version: 0.3.9
  resolution: "@jridgewell/trace-mapping@npm:0.3.9"
  dependencies:
    "@jridgewell/resolve-uri": ^3.0.3
    "@jridgewell/sourcemap-codec": ^1.4.10
  checksum: d89597752fd88d3f3480845691a05a44bd21faac18e2185b6f436c3b0fd0c5a859fbbd9aaa92050c4052caf325ad3e10e2e1d1b64327517471b7d51babc0ddef
  languageName: node
  linkType: hard

"@module-federation/error-codes@npm:0.11.2":
  version: 0.11.2
  resolution: "@module-federation/error-codes@npm:0.11.2"
  checksum: 88eb9396b0478d48418716ebe20bb622e1f3a2d0a6d90617fb4b23f5a8edfcaaea65c35bb59f02fb0acb335800b3641d1626c1074929226cf4f81d73911fcc5c
  languageName: node
  linkType: hard

"@module-federation/runtime-core@npm:0.11.2":
  version: 0.11.2
  resolution: "@module-federation/runtime-core@npm:0.11.2"
  dependencies:
    "@module-federation/error-codes": "npm:0.11.2"
    "@module-federation/sdk": "npm:0.11.2"
  checksum: 6221013c11835825e13f3c24544cb1cca407d50c20adb0d3c03184023c2f4d4409efbe60850e49196b4fa5efc900c69d4a32b355bad8c9f8622e52f0ae13edb5
  languageName: node
  linkType: hard

"@module-federation/runtime-tools@npm:0.11.2":
  version: 0.11.2
  resolution: "@module-federation/runtime-tools@npm:0.11.2"
  dependencies:
    "@module-federation/runtime": "npm:0.11.2"
    "@module-federation/webpack-bundler-runtime": "npm:0.11.2"
  checksum: 34aca8af1125a44c93ebafcfb8c13271f57daf063b22259a4d6f87462b855fa586a34d43ff8adcd36cd0483eec888903d6af38f8bab3156d95a28d07c1a20728
  languageName: node
  linkType: hard

"@module-federation/runtime@npm:0.11.2":
  version: 0.11.2
  resolution: "@module-federation/runtime@npm:0.11.2"
  dependencies:
    "@module-federation/error-codes": "npm:0.11.2"
    "@module-federation/runtime-core": "npm:0.11.2"
    "@module-federation/sdk": "npm:0.11.2"
  checksum: c63977fb8732493241d067012c65204c071315b802a0f19919c1ca0f58133fe825fb0866b3cdf84ebd645ac24af57d4852bfaf2a3249fe4fa66f765b6276c7fa
  languageName: node
  linkType: hard

"@module-federation/sdk@npm:0.11.2":
  version: 0.11.2
  resolution: "@module-federation/sdk@npm:0.11.2"
  checksum: b8e1d8a830fd7c8788ffeb5cb4466cea827b65ee61c5f57001afce22d820c97c497a47d607c46983484e64664e848d8ebbe15900352894710fab909a62157cd0
  languageName: node
  linkType: hard

"@module-federation/webpack-bundler-runtime@npm:0.11.2":
  version: 0.11.2
  resolution: "@module-federation/webpack-bundler-runtime@npm:0.11.2"
  dependencies:
    "@module-federation/runtime": "npm:0.11.2"
    "@module-federation/sdk": "npm:0.11.2"
  checksum: 61e488a80eceef851cbd7cc7536a6d630d67b8cf6d0bf67b1d4fa274042be683866898ae815a2cdfd0834049e329b7e7449c89311935648cd1b1fd14986b8981
  languageName: node
  linkType: hard

"@rsbuild/core@npm:^1.3.1":
  version: 1.3.9
  resolution: "@rsbuild/core@npm:1.3.9"
  dependencies:
    "@rspack/core": "npm:1.3.5"
    "@rspack/lite-tapable": "npm:~1.0.1"
    "@swc/helpers": "npm:^0.5.17"
    core-js: "npm:~3.41.0"
    jiti: "npm:^2.4.2"
  bin:
    rsbuild: bin/rsbuild.js
  checksum: c645d42d57fe7e54762ceaed8613afca2c0aeeac388e289e7c3a60f21573f644d8c7ba503c304a32a148956476d94ddace937191e07e282de57834a08d40af95
  languageName: node
  linkType: hard

"@rsbuild/plugin-react@npm:^1.1.1":
  version: 1.2.0
  resolution: "@rsbuild/plugin-react@npm:1.2.0"
  dependencies:
    "@rspack/plugin-react-refresh": "npm:~1.2.0"
    react-refresh: "npm:^0.17.0"
  peerDependencies:
    "@rsbuild/core": 1.x
  checksum: 588b3d80a9f505b06ff5a171c4c5182d3bdf609e4689d1b99fc059fe8aa7b073005b8ffbc1efdb415a03dd07b7a85b396679e6a3356042ef97e64eae5747b101
  languageName: node
  linkType: hard

"@rspack/binding-darwin-arm64@npm:1.3.5":
  version: 1.3.5
  resolution: "@rspack/binding-darwin-arm64@npm:1.3.5"
  conditions: os=darwin & cpu=arm64
  languageName: node
  linkType: hard

"@rspack/binding-darwin-x64@npm:1.3.5":
  version: 1.3.5
  resolution: "@rspack/binding-darwin-x64@npm:1.3.5"
  conditions: os=darwin & cpu=x64
  languageName: node
  linkType: hard

"@rspack/binding-linux-arm64-gnu@npm:1.3.5":
  version: 1.3.5
  resolution: "@rspack/binding-linux-arm64-gnu@npm:1.3.5"
  conditions: os=linux & cpu=arm64 & libc=glibc
  languageName: node
  linkType: hard

"@rspack/binding-linux-arm64-musl@npm:1.3.5":
  version: 1.3.5
  resolution: "@rspack/binding-linux-arm64-musl@npm:1.3.5"
  conditions: os=linux & cpu=arm64 & libc=musl
  languageName: node
  linkType: hard

"@rspack/binding-linux-x64-gnu@npm:1.3.5":
  version: 1.3.5
  resolution: "@rspack/binding-linux-x64-gnu@npm:1.3.5"
  conditions: os=linux & cpu=x64 & libc=glibc
  languageName: node
  linkType: hard

"@rspack/binding-linux-x64-musl@npm:1.3.5":
  version: 1.3.5
  resolution: "@rspack/binding-linux-x64-musl@npm:1.3.5"
  conditions: os=linux & cpu=x64 & libc=musl
  languageName: node
  linkType: hard

"@rspack/binding-win32-arm64-msvc@npm:1.3.5":
  version: 1.3.5
  resolution: "@rspack/binding-win32-arm64-msvc@npm:1.3.5"
  conditions: os=win32 & cpu=arm64
  languageName: node
  linkType: hard

"@rspack/binding-win32-ia32-msvc@npm:1.3.5":
  version: 1.3.5
  resolution: "@rspack/binding-win32-ia32-msvc@npm:1.3.5"
  conditions: os=win32 & cpu=ia32
  languageName: node
  linkType: hard

"@rspack/binding-win32-x64-msvc@npm:1.3.5":
  version: 1.3.5
  resolution: "@rspack/binding-win32-x64-msvc@npm:1.3.5"
  conditions: os=win32 & cpu=x64
  languageName: node
  linkType: hard

"@rspack/binding@npm:1.3.5":
  version: 1.3.5
  resolution: "@rspack/binding@npm:1.3.5"
  dependencies:
    "@rspack/binding-darwin-arm64": "npm:1.3.5"
    "@rspack/binding-darwin-x64": "npm:1.3.5"
    "@rspack/binding-linux-arm64-gnu": "npm:1.3.5"
    "@rspack/binding-linux-arm64-musl": "npm:1.3.5"
    "@rspack/binding-linux-x64-gnu": "npm:1.3.5"
    "@rspack/binding-linux-x64-musl": "npm:1.3.5"
    "@rspack/binding-win32-arm64-msvc": "npm:1.3.5"
    "@rspack/binding-win32-ia32-msvc": "npm:1.3.5"
    "@rspack/binding-win32-x64-msvc": "npm:1.3.5"
  dependenciesMeta:
    "@rspack/binding-darwin-arm64":
      optional: true
    "@rspack/binding-darwin-x64":
      optional: true
    "@rspack/binding-linux-arm64-gnu":
      optional: true
    "@rspack/binding-linux-arm64-musl":
      optional: true
    "@rspack/binding-linux-x64-gnu":
      optional: true
    "@rspack/binding-linux-x64-musl":
      optional: true
    "@rspack/binding-win32-arm64-msvc":
      optional: true
    "@rspack/binding-win32-ia32-msvc":
      optional: true
    "@rspack/binding-win32-x64-msvc":
      optional: true
  checksum: 236d5caafe4427e39ab393c4cd7c344ff9b1795f6767b5bdb929070a396bd184680f51f0f800d18bf6bd209e48162b819379ec5d8bbb14d946b5107bc358330f
  languageName: node
  linkType: hard

"@rspack/core@npm:1.3.5":
  version: 1.3.5
  resolution: "@rspack/core@npm:1.3.5"
  dependencies:
    "@module-federation/runtime-tools": "npm:0.11.2"
    "@rspack/binding": "npm:1.3.5"
    "@rspack/lite-tapable": "npm:1.0.1"
    caniuse-lite: "npm:^1.0.30001707"
  peerDependencies:
    "@rspack/tracing": ^1.x
    "@swc/helpers": ">=0.5.1"
  peerDependenciesMeta:
    "@rspack/tracing":
      optional: true
    "@swc/helpers":
      optional: true
  checksum: f7b778eddfa76ffcb23e0f626525e61cd0e426429f1bea384c581c4dae118db9c5a47d5138e2bcd4dafbf07fca5517c478685187a0ed390007bcebbb64ca1e8c
  languageName: node
  linkType: hard

"@rspack/lite-tapable@npm:1.0.1, @rspack/lite-tapable@npm:~1.0.1":
  version: 1.0.1
  resolution: "@rspack/lite-tapable@npm:1.0.1"
  checksum: a490aa7868178e7277573293a2b81191513d451c72f4118173f080b5c65a19618e1d37083cffa049b563433a3f772ab2f4424c0a920b04b1347ddb12fe3bcbf8
  languageName: node
  linkType: hard

"@rspack/plugin-react-refresh@npm:~1.2.0":
  version: 1.2.1
  resolution: "@rspack/plugin-react-refresh@npm:1.2.1"
  dependencies:
    error-stack-parser: "npm:^2.1.4"
    html-entities: "npm:^2.6.0"
  peerDependencies:
    react-refresh: ">=0.10.0 <1.0.0"
    webpack-hot-middleware: 2.x
  peerDependenciesMeta:
    webpack-hot-middleware:
      optional: true
  checksum: 7257c914fa5e1e2e653e939fb36972ac35c5960f6de87d5026968aff6289994f1d8d879e6453f5ef494804e9474e3bde7a8488d96fcfe75a1436fe3f19e882cc
  languageName: node
  linkType: hard

"@swc/helpers@npm:^0.5.17":
  version: 0.5.17
  resolution: "@swc/helpers@npm:0.5.17"
  dependencies:
    tslib: "npm:^2.8.0"
  checksum: 085e13b536323945dfc3a270debf270bda6dfc80a1c68fd2ed08f7cbdfcbdaeead402650b5b10722e54e4a24193afc8a3c6f63d3d6d719974e7470557fb415bd
  languageName: node
  linkType: hard

"@tsconfig/node10@npm:^1.0.7":
  version: 1.0.11
  resolution: "@tsconfig/node10@npm:1.0.11"
  checksum: 51fe47d55fe1b80ec35e6e5ed30a13665fd3a531945350aa74a14a1e82875fb60b350c2f2a5e72a64831b1b6bc02acb6760c30b3738b54954ec2dea82db7a267
  languageName: node
  linkType: hard

"@tsconfig/node12@npm:^1.0.7":
  version: 1.0.11
  resolution: "@tsconfig/node12@npm:1.0.11"
  checksum: 5ce29a41b13e7897a58b8e2df11269c5395999e588b9a467386f99d1d26f6c77d1af2719e407621412520ea30517d718d5192a32403b8dfcc163bf33e40a338a
  languageName: node
  linkType: hard

"@tsconfig/node14@npm:^1.0.0":
  version: 1.0.3
  resolution: "@tsconfig/node14@npm:1.0.3"
  checksum: 19275fe80c4c8d0ad0abed6a96dbf00642e88b220b090418609c4376e1cef81bf16237bf170ad1b341452feddb8115d8dd2e5acdfdea1b27422071163dc9ba9d
  languageName: node
  linkType: hard

"@tsconfig/node16@npm:^1.0.2":
  version: 1.0.4
  resolution: "@tsconfig/node16@npm:1.0.4"
  checksum: 202319785901f942a6e1e476b872d421baec20cf09f4b266a1854060efbf78cde16a4d256e8bc949d31e6cd9a90f1e8ef8fb06af96a65e98338a2b6b0de0a0ff
  languageName: node
  linkType: hard

"acorn-walk@npm:^8.1.1":
  version: 8.3.4
  resolution: "acorn-walk@npm:8.3.4"
  dependencies:
    acorn: ^8.11.0
  checksum: 4ff03f42323e7cf90f1683e08606b0f460e1e6ac263d2730e3df91c7665b6f64e696db6ea27ee4bed18c2599569be61f28a8399fa170c611161a348c402ca19c
  languageName: node
  linkType: hard

"acorn@npm:^8.11.0, acorn@npm:^8.4.1":
  version: 8.14.1
  resolution: "acorn@npm:8.14.1"
  bin:
    acorn: bin/acorn
  checksum: 260d9bb6017a1b6e42d31364687f0258f78eb20210b36ef2baad38fd619d78d4e95ff7dde9b3dbe0d81f137f79a8d651a845363a26e6985997f7b71145dc5e94
  languageName: node
  linkType: hard

"arg@npm:^4.1.0":
  version: 4.1.3
  resolution: "arg@npm:4.1.3"
  checksum: 544af8dd3f60546d3e4aff084d451b96961d2267d668670199692f8d054f0415d86fc5497d0e641e91546f0aa920e7c29e5250e99fc89f5552a34b5d93b77f43
  languageName: node
  linkType: hard

"caniuse-lite@npm:^1.0.30001707":
  version: 1.0.30001715
  resolution: "caniuse-lite@npm:1.0.30001715"
  checksum: c8371dceca0177518e43de537c74a01e64428ea65250d597c13472cf8277ffbc800c9a729ff0e7d271c8445ae90976ba64a170232b4498aee9552d993287a4c4
  languageName: node
  linkType: hard

"core-js@npm:~3.41.0":
  version: 3.41.0
  resolution: "core-js@npm:3.41.0"
  checksum: 05331e92f354d3b92fa296fb3fc90c7b25d1a65230046c68651be29d67245bb156bdde7bf5c8cf8b3ecddfff93273a9ba6567f5e4ee6ceb70f39cee430693509
  languageName: node
  linkType: hard

"create-require@npm:^1.1.0":
  version: 1.1.1
  resolution: "create-require@npm:1.1.1"
  checksum: a9a1503d4390d8b59ad86f4607de7870b39cad43d929813599a23714831e81c520bddf61bcdd1f8e30f05fd3a2b71ae8538e946eb2786dc65c2bbc520f692eff
  languageName: node
  linkType: hard

"diff@npm:^4.0.1":
  version: 4.0.2
  resolution: "diff@npm:4.0.2"
  checksum: f2c09b0ce4e6b301c221addd83bf3f454c0bc00caa3dd837cf6c127d6edf7223aa2bbe3b688feea110b7f262adbfc845b757c44c8a9f8c0c5b15d8fa9ce9d20d
  languageName: node
  linkType: hard

"error-stack-parser@npm:^2.1.4":
  version: 2.1.4
  resolution: "error-stack-parser@npm:2.1.4"
  dependencies:
    stackframe: "npm:^1.3.4"
  checksum: 3b916d2d14c6682f287c8bfa28e14672f47eafe832701080e420e7cdbaebb2c50293868256a95706ac2330fe078cf5664713158b49bc30d7a5f2ac229ded0e18
  languageName: node
  linkType: hard

"fbug-core@workspace:.":
  version: 0.0.0-use.local
  resolution: "fbug-core@workspace:."
  dependencies:
    "@rsbuild/core": ^1.3.1
    "@rsbuild/plugin-react": ^1.1.1
    ts-node: ^10.9.2
    typescript: ^5.8.3
  languageName: unknown
  linkType: soft

"html-entities@npm:^2.6.0":
  version: 2.6.0
  resolution: "html-entities@npm:2.6.0"
  checksum: 720643f7954019c80911430a7df2728524c07080edfe812610bfc5d8191cd772b470bee0ee151bf7426679314ae53cf28a1c845d702123714e625a8565b26567
  languageName: node
  linkType: hard

"jiti@npm:^2.4.2":
  version: 2.4.2
  resolution: "jiti@npm:2.4.2"
  bin:
    jiti: lib/jiti-cli.mjs
  checksum: c6c30c7b6b293e9f26addfb332b63d964a9f143cdd2cf5e946dbe5143db89f7c1b50ad9223b77fb1f6ddb0b9c5ecef995fea024ecf7d2861d285d779cde66e1e
  languageName: node
  linkType: hard

"make-error@npm:^1.1.1":
  version: 1.3.6
  resolution: "make-error@npm:1.3.6"
  checksum: b86e5e0e25f7f777b77fabd8e2cbf15737972869d852a22b7e73c17623928fccb826d8e46b9951501d3f20e51ad74ba8c59ed584f610526a48f8ccf88aaec402
  languageName: node
  linkType: hard

"react-refresh@npm:^0.17.0":
  version: 0.17.0
  resolution: "react-refresh@npm:0.17.0"
  checksum: e9d23a70543edde879263976d7909cd30c6f698fa372a1240142cf7c8bf99e0396378b9c07c2d39c3a10261d7ba07dc49f990cd8f1ac7b88952e99040a0be5e9
  languageName: node
  linkType: hard

"stackframe@npm:^1.3.4":
  version: 1.3.4
  resolution: "stackframe@npm:1.3.4"
  checksum: bae1596873595c4610993fa84f86a3387d67586401c1816ea048c0196800c0646c4d2da98c2ee80557fd9eff05877efe33b91ba6cd052658ed96ddc85d19067d
  languageName: node
  linkType: hard

"ts-node@npm:^10.9.2":
  version: 10.9.2
  resolution: "ts-node@npm:10.9.2"
  dependencies:
    "@cspotcode/source-map-support": ^0.8.0
    "@tsconfig/node10": ^1.0.7
    "@tsconfig/node12": ^1.0.7
    "@tsconfig/node14": ^1.0.0
    "@tsconfig/node16": ^1.0.2
    acorn: ^8.4.1
    acorn-walk: ^8.1.1
    arg: ^4.1.0
    create-require: ^1.1.0
    diff: ^4.0.1
    make-error: ^1.1.1
    v8-compile-cache-lib: ^3.0.1
    yn: 3.1.1
  peerDependencies:
    "@swc/core": ">=1.2.50"
    "@swc/wasm": ">=1.2.50"
    "@types/node": "*"
    typescript: ">=2.7"
  peerDependenciesMeta:
    "@swc/core":
      optional: true
    "@swc/wasm":
      optional: true
  bin:
    ts-node: dist/bin.js
    ts-node-cwd: dist/bin-cwd.js
    ts-node-esm: dist/bin-esm.js
    ts-node-script: dist/bin-script.js
    ts-node-transpile-only: dist/bin-transpile.js
    ts-script: dist/bin-script-deprecated.js
  checksum: fde256c9073969e234526e2cfead42591b9a2aec5222bac154b0de2fa9e4ceb30efcd717ee8bc785a56f3a119bdd5aa27b333d9dbec94ed254bd26f8944c67ac
  languageName: node
  linkType: hard

"tslib@npm:^2.8.0":
  version: 2.8.1
  resolution: "tslib@npm:2.8.1"
  checksum: e4aba30e632b8c8902b47587fd13345e2827fa639e7c3121074d5ee0880723282411a8838f830b55100cbe4517672f84a2472667d355b81e8af165a55dc6203a
  languageName: node
  linkType: hard

"typescript@npm:^5.8.3":
  version: 5.8.3
  resolution: "typescript@npm:5.8.3"
  bin:
    tsc: bin/tsc
    tsserver: bin/tsserver
  checksum: cb1d081c889a288b962d3c8ae18d337ad6ee88a8e81ae0103fa1fecbe923737f3ba1dbdb3e6d8b776c72bc73bfa6d8d850c0306eed1a51377d2fccdfd75d92c4
  languageName: node
  linkType: hard

"typescript@patch:typescript@^5.8.3#~builtin<compat/typescript>":
  version: 5.8.3
  resolution: "typescript@patch:typescript@npm%3A5.8.3#~builtin<compat/typescript>::version=5.8.3&hash=5786d5"
  bin:
    tsc: bin/tsc
    tsserver: bin/tsserver
  checksum: f1743b6850976b3debf7cbd53d2bc0b67e75d47eb6410db564c8bb475e92a8a48f8a3fcd14d89cf93426835281c31a8f8a94dad90be4dc899279a898532ba97f
  languageName: node
  linkType: hard

"v8-compile-cache-lib@npm:^3.0.1":
  version: 3.0.1
  resolution: "v8-compile-cache-lib@npm:3.0.1"
  checksum: 78089ad549e21bcdbfca10c08850022b22024cdcc2da9b168bcf5a73a6ed7bf01a9cebb9eac28e03cd23a684d81e0502797e88f3ccd27a32aeab1cfc44c39da0
  languageName: node
  linkType: hard

"yn@npm:3.1.1":
  version: 3.1.1
  resolution: "yn@npm:3.1.1"
  checksum: 2c487b0e149e746ef48cda9f8bad10fc83693cd69d7f9dcd8be4214e985de33a29c9e24f3c0d6bcf2288427040a8947406ab27f7af67ee9456e6b84854f02dd6
  languageName: node
  linkType: hard
